#
# This file is autogenerated by pip-compile with Python 3.12
# by the following command:
#
#    pip-compile --output-file=requirements.lock pyproject.toml
#
alabaster==1.0.0
    # via sphinx
annotated-types==0.7.0
    # via pydantic
antlr4-python3-runtime==4.9.3
    # via
    #   linkml
    #   pyjsg
    #   pyshexc
arrow==1.4.0
    # via isoduration
asgiref==3.11.1
    # via django
attrs==26.1.0
    # via
    #   jsonschema
    #   referencing
babel==2.18.0
    # via sphinx
backports-zstd==1.6.0
    # via pystow
certifi==2026.6.17
    # via requests
cffi==2.0.0
    # via cryptography
cfgraph==0.2.1
    # via pyshex
chardet==5.2.0
    # via
    #   pronto
    #   pyshex
    #   pyshexc
charset-normalizer==3.4.7
    # via
    #   pdfminer-six
    #   requests
click==8.4.2
    # via
    #   json-flattener
    #   linkml
    #   linkml-runtime
    #   prefixcommons
    #   sphinx-click
colorama==0.4.6
    # via
    #   click
    #   pytest
    #   sphinx
    #   tqdm
cryptography==49.0.0
    # via pdfminer-six
curies==0.13.13
    # via
    #   linkml-runtime
    #   prefixmaps
deprecated==1.3.1
    # via linkml-runtime
django==6.0.6
    # via loom (pyproject.toml)
docutils==0.22.4
    # via
    #   sphinx
    #   sphinx-click
et-xmlfile==2.0.0
    # via openpyxl
fastobo==0.14.1
    # via pronto
fqdn==1.5.1
    # via jsonschema
graphviz==0.21
    # via linkml
greenlet==3.5.3
    # via sqlalchemy
gunicorn==26.0.0
    # via loom (pyproject.toml)
hbreader==0.9.1
    # via
    #   jsonasobj2
    #   linkml
    #   linkml-runtime
idna==3.18
    # via
    #   jsonschema
    #   requests
imagesize==2.0.0
    # via sphinx
iniconfig==2.3.0
    # via pytest
isodate==0.7.2
    # via linkml
isoduration==20.11.0
    # via jsonschema
jinja2==3.1.6
    # via
    #   linkml
    #   sphinx
json-flattener==0.1.9
    # via linkml-runtime
jsonasobj==1.3.1
    # via
    #   pyjsg
    #   pyshexc
jsonasobj2==1.0.4
    # via
    #   linkml
    #   linkml-runtime
jsonpointer==3.1.1
    # via jsonschema
jsonschema[format]==4.26.0
    # via
    #   linkml
    #   linkml-runtime
jsonschema-specifications==2025.9.1
    # via jsonschema
linkml==1.11.1
    # via loom (pyproject.toml)
linkml-runtime==1.11.1
    # via
    #   linkml
    #   loom (pyproject.toml)
markupsafe==3.0.3
    # via jinja2
networkx==3.6.1
    # via pronto
openpyxl==3.1.5
    # via linkml
packaging==26.2
    # via
    #   gunicorn
    #   pytest
    #   sphinx
parse==1.22.1
    # via linkml
pdfminer-six==20260107
    # via pdfplumber
pdfplumber==0.11.10
    # via loom (pyproject.toml)
pillow==12.2.0
    # via pdfplumber
pluggy==1.6.0
    # via pytest
prefixcommons==0.1.12
    # via
    #   linkml
    #   linkml-runtime
prefixmaps==0.2.6
    # via
    #   linkml
    #   linkml-runtime
pronto==2.7.3
    # via loom (pyproject.toml)
psycopg[binary]==3.3.4
    # via loom (pyproject.toml)
psycopg-binary==3.3.4
    # via psycopg
pycparser==3.0
    # via cffi
pydantic==2.13.4
    # via
    #   curies
    #   linkml
    #   linkml-runtime
pydantic-core==2.46.4
    # via pydantic
pygments==2.20.0
    # via
    #   pytest
    #   sphinx
pyjsg==0.12.4
    # via
    #   linkml
    #   pyshexc
    #   shexjsg
pyparsing==3.3.2
    # via rdflib
pypdfium2==5.10.1
    # via pdfplumber
pyshex==0.8.1
    # via linkml
pyshexc==0.9.1
    # via
    #   linkml
    #   pyshex
pystow==0.8.19
    # via curies
pytest==9.1.1
    # via pytest-logging
pytest-logging==2015.11.4
    # via prefixcommons
python-dateutil==2.9.0.post0
    # via
    #   arrow
    #   linkml
    #   pronto
pyyaml==6.0.3
    # via
    #   json-flattener
    #   linkml
    #   linkml-runtime
    #   loom (pyproject.toml)
    #   prefixcommons
    #   prefixmaps
rdflib==7.6.0
    # via
    #   cfgraph
    #   linkml
    #   linkml-runtime
    #   rdflib-jsonld
    #   rdflib-shim
    #   sparqlslurper
    #   sparqlwrapper
rdflib-jsonld==0.6.1
    # via rdflib-shim
rdflib-shim==1.0.3
    # via
    #   pyshex
    #   pyshexc
    #   sparqlslurper
referencing==0.37.0
    # via
    #   jsonschema
    #   jsonschema-specifications
requests==2.34.2
    # via
    #   linkml
    #   linkml-runtime
    #   prefixcommons
    #   pyjsg
    #   pyshex
    #   sphinx
rfc3339-validator==0.1.4
    # via jsonschema
rfc3987==1.3.8
    # via jsonschema
rispy==0.10.0
    # via loom (pyproject.toml)
roman-numerals==4.1.0
    # via sphinx
rpds-py==2026.5.1
    # via
    #   jsonschema
    #   referencing
shexjsg==0.9.0
    # via
    #   pyshex
    #   pyshexc
six==1.17.0
    # via
    #   python-dateutil
    #   rfc3339-validator
snowballstemmer==3.1.1
    # via sphinx
sparqlslurper==0.5.1
    # via pyshex
sparqlwrapper==2.0.0
    # via
    #   pyshex
    #   sparqlslurper
sphinx==9.1.0
    # via sphinx-click
sphinx-click==6.2.0
    # via linkml
sphinxcontrib-applehelp==2.0.0
    # via sphinx
sphinxcontrib-devhelp==2.0.0
    # via sphinx
sphinxcontrib-htmlhelp==2.1.0
    # via sphinx
sphinxcontrib-jsmath==1.0.1
    # via sphinx
sphinxcontrib-qthelp==2.0.0
    # via sphinx
sphinxcontrib-serializinghtml==2.0.0
    # via sphinx
sqlalchemy==2.0.51
    # via linkml
sqlparse==0.5.5
    # via django
tqdm==4.68.3
    # via pystow
typing-extensions==4.15.0
    # via
    #   curies
    #   psycopg
    #   pydantic
    #   pydantic-core
    #   pystow
    #   referencing
    #   sqlalchemy
    #   typing-inspection
typing-inspection==0.4.2
    # via pydantic
tzdata==2026.2
    # via
    #   arrow
    #   django
    #   psycopg
uri-template==1.3.0
    # via jsonschema
urllib3==2.7.0
    # via
    #   pyshex
    #   requests
watchdog==6.0.0
    # via linkml
webcolors==25.10.0
    # via jsonschema
whitenoise==6.12.0
    # via loom (pyproject.toml)
wrapt==2.2.2
    # via deprecated
